// !$*UTF8*$!
{
	archiveVersion = 1;
	classes = {
	};
	objectVersion = 51;
	objects = {

/* Begin PBXBuildFile section */
		0DB8376E7155CBE93FDE7237 /* Pods_GoAhead.framework in Frameworks */ = {isa = PBXBuildFile; fileRef = D2AA2B32F6F11C44F110F0C4 /* Pods_GoAhead.framework */; };
		262E5B2221AFE578009363E7 /* Main.storyboard in Resources */ = {isa = PBXBuildFile; fileRef = 262E5B2021AFE578009363E7 /* Main.storyboard */; };
		262E5B2721AFE57D009363E7 /* Assets.xcassets in Resources */ = {isa = PBXBuildFile; fileRef = 262E5B2621AFE57D009363E7 /* Assets.xcassets */; };
		262E5B2A21AFE57D009363E7 /* LaunchScreen.storyboard in Resources */ = {isa = PBXBuildFile; fileRef = 262E5B2821AFE57D009363E7 /* LaunchScreen.storyboard */; };
		3B0C98CC23C4AE1B008C1C66 /* OffersOfCategory.swift in Sources */ = {isa = PBXBuildFile; fileRef = 3B0C98CB23C4AE1B008C1C66 /* OffersOfCategory.swift */; };
		3B0C98FB23C50136008C1C66 /* NewTab.swift in Sources */ = {isa = PBXBuildFile; fileRef = 3B0C98FA23C50136008C1C66 /* NewTab.swift */; };
		3B0C98FE23C5287B008C1C66 /* Offers.swift in Sources */ = {isa = PBXBuildFile; fileRef = 3B0C98FD23C5287B008C1C66 /* Offers.swift */; };
		3B0E590C23BD2D5F00A564D7 /* Color.xcassets in Resources */ = {isa = PBXBuildFile; fileRef = 3B0E590B23BD2D5F00A564D7 /* Color.xcassets */; };
		3B0E80842385FAA900ACB085 /* SideMenuViewController.swift in Sources */ = {isa = PBXBuildFile; fileRef = 3B0E80832385FAA900ACB085 /* SideMenuViewController.swift */; };
		3B0E80872385FF8200ACB085 /* HomeViewController.swift in Sources */ = {isa = PBXBuildFile; fileRef = 3B0E80862385FF8200ACB085 /* HomeViewController.swift */; };
		3B0EE89B23BAABDD00D67389 /* Media.xcassets in Resources */ = {isa = PBXBuildFile; fileRef = 3B0EE89A23BAABDC00D67389 /* Media.xcassets */; };
		3B0F168423CB1FD1000F803D /* SearchCategoryViewController.swift in Sources */ = {isa = PBXBuildFile; fileRef = 3B0F168323CB1FD1000F803D /* SearchCategoryViewController.swift */; };
		3B0F168623CB200A000F803D /* SearchCategoryCollectionViewCell.swift in Sources */ = {isa = PBXBuildFile; fileRef = 3B0F168523CB200A000F803D /* SearchCategoryCollectionViewCell.swift */; };
		3B0F168823CB24EE000F803D /* SearchCategories.swift in Sources */ = {isa = PBXBuildFile; fileRef = 3B0F168723CB24EE000F803D /* SearchCategories.swift */; };
		3B0F168D23CB6561000F803D /* SearchSellers.swift in Sources */ = {isa = PBXBuildFile; fileRef = 3B0F168C23CB6561000F803D /* SearchSellers.swift */; };
		3B0F72972385759800BBEA8C /* AppDelegate.swift in Sources */ = {isa = PBXBuildFile; fileRef = 3B0F72962385759800BBEA8C /* AppDelegate.swift */; };
		3B0F729E2385958100BBEA8C /* Alert.swift in Sources */ = {isa = PBXBuildFile; fileRef = 3B0F72992385958100BBEA8C /* Alert.swift */; };
		3B0F729F2385958100BBEA8C /* CardView.swift in Sources */ = {isa = PBXBuildFile; fileRef = 3B0F729A2385958100BBEA8C /* CardView.swift */; };
		3B0F72A02385958100BBEA8C /* DesignableUITextField.swift in Sources */ = {isa = PBXBuildFile; fileRef = 3B0F729B2385958100BBEA8C /* DesignableUITextField.swift */; };
		3B0F72A12385958100BBEA8C /* Maps.swift in Sources */ = {isa = PBXBuildFile; fileRef = 3B0F729C2385958100BBEA8C /* Maps.swift */; };
		3B11467F23CC6F5000D91C53 /* SearchSellerViewController.swift in Sources */ = {isa = PBXBuildFile; fileRef = 3B11467E23CC6F5000D91C53 /* SearchSellerViewController.swift */; };
		3B11468123CC6F6E00D91C53 /* SearchSellerCollectionViewCell.swift in Sources */ = {isa = PBXBuildFile; fileRef = 3B11468023CC6F6E00D91C53 /* SearchSellerCollectionViewCell.swift */; };
		3B11468323CC9A1500D91C53 /* AllProduct.swift in Sources */ = {isa = PBXBuildFile; fileRef = 3B11468223CC9A1500D91C53 /* AllProduct.swift */; };
		3B11468B23CCAA8100D91C53 /* SearchProductViewController.swift in Sources */ = {isa = PBXBuildFile; fileRef = 3B11468A23CCAA8100D91C53 /* SearchProductViewController.swift */; };
		3B11468D23CCAAAA00D91C53 /* SearchProductCollectionViewCell.swift in Sources */ = {isa = PBXBuildFile; fileRef = 3B11468C23CCAAAA00D91C53 /* SearchProductCollectionViewCell.swift */; };
		3B11468F23CCB0BA00D91C53 /* SearchProduct.swift in Sources */ = {isa = PBXBuildFile; fileRef = 3B11468E23CCB0BA00D91C53 /* SearchProduct.swift */; };
		3B1176A823C5D257002F297D /* AddAndDeleteFavoriteOffers.swift in Sources */ = {isa = PBXBuildFile; fileRef = 3B1176A723C5D257002F297D /* AddAndDeleteFavoriteOffers.swift */; };
		3B122EDE23867A1E0056E7BF /* OfferViewController.swift in Sources */ = {isa = PBXBuildFile; fileRef = 3B122EDD23867A1E0056E7BF /* OfferViewController.swift */; };
		3B122EE6238681230056E7BF /* ForgetPasswordViewController.swift in Sources */ = {isa = PBXBuildFile; fileRef = 3B122EE5238681230056E7BF /* ForgetPasswordViewController.swift */; };
		3B122EE8238681710056E7BF /* RegisterViewController.swift in Sources */ = {isa = PBXBuildFile; fileRef = 3B122EE7238681710056E7BF /* RegisterViewController.swift */; };
		3B122EEC2386A8ED0056E7BF /* menuBtnTableViewCell.swift in Sources */ = {isa = PBXBuildFile; fileRef = 3B122EEB2386A8ED0056E7BF /* menuBtnTableViewCell.swift */; };
		3B122EF12386AE480056E7BF /* CategoryHomeCollectionViewCell.swift in Sources */ = {isa = PBXBuildFile; fileRef = 3B122EF02386AE480056E7BF /* CategoryHomeCollectionViewCell.swift */; };
		3B122EF62386B7BF0056E7BF /* OffersCollectionViewCell.swift in Sources */ = {isa = PBXBuildFile; fileRef = 3B122EF52386B7BF0056E7BF /* OffersCollectionViewCell.swift */; };
		3B122EFC2386D3070056E7BF /* MostAddedViewController.swift in Sources */ = {isa = PBXBuildFile; fileRef = 3B122EFB2386D3070056E7BF /* MostAddedViewController.swift */; };
		3B122EFE2386D32A0056E7BF /* MostAddedCollectionViewCell.swift in Sources */ = {isa = PBXBuildFile; fileRef = 3B122EFD2386D32A0056E7BF /* MostAddedCollectionViewCell.swift */; };
		3B122F032386D3860056E7BF /* MyWishListCollectionViewCell.swift in Sources */ = {isa = PBXBuildFile; fileRef = 3B122F022386D3860056E7BF /* MyWishListCollectionViewCell.swift */; };
		3B122F052386D3A00056E7BF /* MyWishListViewController.swift in Sources */ = {isa = PBXBuildFile; fileRef = 3B122F042386D3A00056E7BF /* MyWishListViewController.swift */; };
		3B122F0A2386D3ED0056E7BF /* GoMallViewController.swift in Sources */ = {isa = PBXBuildFile; fileRef = 3B122F092386D3ED0056E7BF /* GoMallViewController.swift */; };
		3B122F0C2386D4040056E7BF /* GoMallCollectionViewCell.swift in Sources */ = {isa = PBXBuildFile; fileRef = 3B122F0B2386D4040056E7BF /* GoMallCollectionViewCell.swift */; };
		3B122F0F2386E6300056E7BF /* CatagogryViewController.swift in Sources */ = {isa = PBXBuildFile; fileRef = 3B122F0E2386E6300056E7BF /* CatagogryViewController.swift */; };
		3B122F132386E67D0056E7BF /* CatagoryCollectionViewCell.swift in Sources */ = {isa = PBXBuildFile; fileRef = 3B122F122386E67D0056E7BF /* CatagoryCollectionViewCell.swift */; };
		3B1274BA23C38B08007E3FA4 /* Categories.swift in Sources */ = {isa = PBXBuildFile; fileRef = 3B1274B923C38B08007E3FA4 /* Categories.swift */; };
		3B14AE1823C72F8D0058FE51 /* MyWishList.swift in Sources */ = {isa = PBXBuildFile; fileRef = 3B14AE1723C72F8D0058FE51 /* MyWishList.swift */; };
		3B15F2DB23BCA0BE003FD1C1 /* ProductsViewController.swift in Sources */ = {isa = PBXBuildFile; fileRef = 3B15F2DA23BCA0BE003FD1C1 /* ProductsViewController.swift */; };
		3B15F2DD23BCA112003FD1C1 /* ProductsCollectionViewCell.swift in Sources */ = {isa = PBXBuildFile; fileRef = 3B15F2DC23BCA112003FD1C1 /* ProductsCollectionViewCell.swift */; };
		3B15F2E223BCBEC9003FD1C1 /* DetailsViewController.swift in Sources */ = {isa = PBXBuildFile; fileRef = 3B15F2E123BCBEC9003FD1C1 /* DetailsViewController.swift */; };
		3B15F2E423BCCDE1003FD1C1 /* DetailsTableViewCell.swift in Sources */ = {isa = PBXBuildFile; fileRef = 3B15F2E323BCCDE1003FD1C1 /* DetailsTableViewCell.swift */; };
		3B16CDF623B8B5CC00FCFBEF /* ConstantMenu.swift in Sources */ = {isa = PBXBuildFile; fileRef = 3B16CDF523B8B5CC00FCFBEF /* ConstantMenu.swift */; };
		3B16CDF823B8C32100FCFBEF /* MainNavigationController.swift in Sources */ = {isa = PBXBuildFile; fileRef = 3B16CDF723B8C32100FCFBEF /* MainNavigationController.swift */; };
		3B17460723C8841500899ADE /* CategoryOfMall.swift in Sources */ = {isa = PBXBuildFile; fileRef = 3B17460623C8841500899ADE /* CategoryOfMall.swift */; };
		3B17460A23C8950B00899ADE /* StoreSeller.swift in Sources */ = {isa = PBXBuildFile; fileRef = 3B17460923C8950B00899ADE /* StoreSeller.swift */; };
		3B17461223C8A4CD00899ADE /* ProductStoreOfCategory.swift in Sources */ = {isa = PBXBuildFile; fileRef = 3B17461123C8A4CD00899ADE /* ProductStoreOfCategory.swift */; };
		3B17461523C8C7EA00899ADE /* ProductDetails.swift in Sources */ = {isa = PBXBuildFile; fileRef = 3B17461423C8C7EA00899ADE /* ProductDetails.swift */; };
		3B17461823C911F000899ADE /* SellerDetails.swift in Sources */ = {isa = PBXBuildFile; fileRef = 3B17461723C911F000899ADE /* SellerDetails.swift */; };
		3B17639523BDF1D900871CE9 /* CardViewController.swift in Sources */ = {isa = PBXBuildFile; fileRef = 3B17639423BDF1D900871CE9 /* CardViewController.swift */; };
		3B17639723BDF1F000871CE9 /* CardCollectionViewCell.swift in Sources */ = {isa = PBXBuildFile; fileRef = 3B17639623BDF1F000871CE9 /* CardCollectionViewCell.swift */; };
		3B17639923BDFDA500871CE9 /* Navigation.xcassets in Resources */ = {isa = PBXBuildFile; fileRef = 3B17639823BDFDA500871CE9 /* Navigation.xcassets */; };
		3B18F77223C21539003A4060 /* Login.swift in Sources */ = {isa = PBXBuildFile; fileRef = 3B18F77123C21539003A4060 /* Login.swift */; };
		3B18F77423C215DF003A4060 /* Failure.swift in Sources */ = {isa = PBXBuildFile; fileRef = 3B18F77323C215DF003A4060 /* Failure.swift */; };
		3B18F77623C21731003A4060 /* UserDefault.swift in Sources */ = {isa = PBXBuildFile; fileRef = 3B18F77523C21731003A4060 /* UserDefault.swift */; };
		3B18F77923C224F0003A4060 /* Register.swift in Sources */ = {isa = PBXBuildFile; fileRef = 3B18F77823C224F0003A4060 /* Register.swift */; };
		3B196D1023C0BE2C001F2628 /* Tab.xcassets in Resources */ = {isa = PBXBuildFile; fileRef = 3B196D0F23C0BE2C001F2628 /* Tab.xcassets */; };
		3B741BA623C6409500C2E764 /* MostAdded.swift in Sources */ = {isa = PBXBuildFile; fileRef = 3B741BA523C6409500C2E764 /* MostAdded.swift */; };
		3BCE47E423C115C9007D1550 /* MenuCollectionViewCell.swift in Sources */ = {isa = PBXBuildFile; fileRef = 3BCE47E323C115C9007D1550 /* MenuCollectionViewCell.swift */; };
		3BD4224E23BE213000FF7437 /* SellerViewController.swift in Sources */ = {isa = PBXBuildFile; fileRef = 3BD4224D23BE213000FF7437 /* SellerViewController.swift */; };
		3BD4225023BE221D00FF7437 /* OtherProductCollectionViewCell.swift in Sources */ = {isa = PBXBuildFile; fileRef = 3BD4224F23BE221D00FF7437 /* OtherProductCollectionViewCell.swift */; };
		3BD4225523BE369A00FF7437 /* SearchViewController.swift in Sources */ = {isa = PBXBuildFile; fileRef = 3BD4225423BE369A00FF7437 /* SearchViewController.swift */; };
		3BD4225723BE437B00FF7437 /* CustemDesign.swift in Sources */ = {isa = PBXBuildFile; fileRef = 3BD4225623BE437B00FF7437 /* CustemDesign.swift */; };
		3BD607A2238ADA5F00AB41DB /* StoresOfMallViewController.swift in Sources */ = {isa = PBXBuildFile; fileRef = 3BD607A1238ADA5F00AB41DB /* StoresOfMallViewController.swift */; };
		3BD607A4238ADAC100AB41DB /* StoresOfMallCollectionViewCell.swift in Sources */ = {isa = PBXBuildFile; fileRef = 3BD607A3238ADAC100AB41DB /* StoresOfMallCollectionViewCell.swift */; };
		3BE5BF2923BA622E006E4AB9 /* CollectionCell.swift in Sources */ = {isa = PBXBuildFile; fileRef = 3BE5BF2823BA622E006E4AB9 /* CollectionCell.swift */; };
		810155F723854B8B00E0B7CC /* LoginViewController.swift in Sources */ = {isa = PBXBuildFile; fileRef = 810155F623854B8B00E0B7CC /* LoginViewController.swift */; };
		8139D4A3238A905E001CE986 /* TabBar.swift in Sources */ = {isa = PBXBuildFile; fileRef = 8139D4A2238A905E001CE986 /* TabBar.swift */; };
		8139D4A5238AB82A001CE986 /* Shared.swift in Sources */ = {isa = PBXBuildFile; fileRef = 8139D4A4238AB82A001CE986 /* Shared.swift */; };
		8192DCDE238A77C00043053A /* Constants.swift in Sources */ = {isa = PBXBuildFile; fileRef = 8192DCDB238A77C00043053A /* Constants.swift */; };
		8192DCDF238A77C00043053A /* APIClient.swift in Sources */ = {isa = PBXBuildFile; fileRef = 8192DCDC238A77C00043053A /* APIClient.swift */; };
		8192DCE0238A77C00043053A /* APIRouter.swift in Sources */ = {isa = PBXBuildFile; fileRef = 8192DCDD238A77C00043053A /* APIRouter.swift */; };
/* End PBXBuildFile section */

/* Begin PBXContainerItemProxy section */
		267AFB412250FA6E00F17350 /* PBXContainerItemProxy */ = {
			isa = PBXContainerItemProxy;
			containerPortal = 262E5B1121AFE578009363E7 /* Project object */;
			proxyType = 1;
			remoteGlobalIDString = 262E5B1821AFE578009363E7;
			remoteInfo = GoAhead;
		};
/* End PBXContainerItemProxy section */

/* Begin PBXFileReference section */
		262E5B2121AFE578009363E7 /* Base */ = {isa = PBXFileReference; lastKnownFileType = file.storyboard; name = Base; path = Base.lproj/Main.storyboard; sourceTree = "<group>"; };
		262E5B2621AFE57D009363E7 /* Assets.xcassets */ = {isa = PBXFileReference; lastKnownFileType = folder.assetcatalog; path = Assets.xcassets; sourceTree = "<group>"; };
		262E5B2921AFE57D009363E7 /* Base */ = {isa = PBXFileReference; lastKnownFileType = file.storyboard; name = Base; path = Base.lproj/LaunchScreen.storyboard; sourceTree = "<group>"; };
		262E5B2B21AFE57D009363E7 /* Info.plist */ = {isa = PBXFileReference; lastKnownFileType = text.plist.xml; path = Info.plist; sourceTree = "<group>"; };
		3B0C98CB23C4AE1B008C1C66 /* OffersOfCategory.swift */ = {isa = PBXFileReference; lastKnownFileType = sourcecode.swift; path = OffersOfCategory.swift; sourceTree = "<group>"; };
		3B0C98FA23C50136008C1C66 /* NewTab.swift */ = {isa = PBXFileReference; lastKnownFileType = sourcecode.swift; path = NewTab.swift; sourceTree = "<group>"; };
		3B0C98FD23C5287B008C1C66 /* Offers.swift */ = {isa = PBXFileReference; lastKnownFileType = sourcecode.swift; path = Offers.swift; sourceTree = "<group>"; };
		3B0E590B23BD2D5F00A564D7 /* Color.xcassets */ = {isa = PBXFileReference; lastKnownFileType = folder.assetcatalog; path = Color.xcassets; sourceTree = "<group>"; };
		3B0E80802385F3A700ACB085 /* GoAhead.app */ = {isa = PBXFileReference; explicitFileType = wrapper.application; includeInIndex = 0; path = GoAhead.app; sourceTree = BUILT_PRODUCTS_DIR; };
		3B0E80812385F3A700ACB085 /* GoAheadTests.xctest */ = {isa = PBXFileReference; explicitFileType = wrapper.cfbundle; includeInIndex = 0; path = GoAheadTests.xctest; sourceTree = BUILT_PRODUCTS_DIR; };
		3B0E80832385FAA900ACB085 /* SideMenuViewController.swift */ = {isa = PBXFileReference; lastKnownFileType = sourcecode.swift; path = SideMenuViewController.swift; sourceTree = "<group>"; };
		3B0E80862385FF8200ACB085 /* HomeViewController.swift */ = {isa = PBXFileReference; lastKnownFileType = sourcecode.swift; path = HomeViewController.swift; sourceTree = "<group>"; };
		3B0EE89A23BAABDC00D67389 /* Media.xcassets */ = {isa = PBXFileReference; lastKnownFileType = folder.assetcatalog; path = Media.xcassets; sourceTree = "<group>"; };
		3B0F168323CB1FD1000F803D /* SearchCategoryViewController.swift */ = {isa = PBXFileReference; lastKnownFileType = sourcecode.swift; path = SearchCategoryViewController.swift; sourceTree = "<group>"; };
		3B0F168523CB200A000F803D /* SearchCategoryCollectionViewCell.swift */ = {isa = PBXFileReference; lastKnownFileType = sourcecode.swift; path = SearchCategoryCollectionViewCell.swift; sourceTree = "<group>"; };
		3B0F168723CB24EE000F803D /* SearchCategories.swift */ = {isa = PBXFileReference; lastKnownFileType = sourcecode.swift; path = SearchCategories.swift; sourceTree = "<group>"; };
		3B0F168C23CB6561000F803D /* SearchSellers.swift */ = {isa = PBXFileReference; lastKnownFileType = sourcecode.swift; path = SearchSellers.swift; sourceTree = "<group>"; };
		3B0F72962385759800BBEA8C /* AppDelegate.swift */ = {isa = PBXFileReference; fileEncoding = 4; lastKnownFileType = sourcecode.swift; path = AppDelegate.swift; sourceTree = "<group>"; };
		3B0F72992385958100BBEA8C /* Alert.swift */ = {isa = PBXFileReference; fileEncoding = 4; lastKnownFileType = sourcecode.swift; path = Alert.swift; sourceTree = "<group>"; };
		3B0F729A2385958100BBEA8C /* CardView.swift */ = {isa = PBXFileReference; fileEncoding = 4; lastKnownFileType = sourcecode.swift; path = CardView.swift; sourceTree = "<group>"; };
		3B0F729B2385958100BBEA8C /* DesignableUITextField.swift */ = {isa = PBXFileReference; fileEncoding = 4; lastKnownFileType = sourcecode.swift; path = DesignableUITextField.swift; sourceTree = "<group>"; };
		3B0F729C2385958100BBEA8C /* Maps.swift */ = {isa = PBXFileReference; fileEncoding = 4; lastKnownFileType = sourcecode.swift; path = Maps.swift; sourceTree = "<group>"; };
		3B11467E23CC6F5000D91C53 /* SearchSellerViewController.swift */ = {isa = PBXFileReference; lastKnownFileType = sourcecode.swift; path = SearchSellerViewController.swift; sourceTree = "<group>"; };
		3B11468023CC6F6E00D91C53 /* SearchSellerCollectionViewCell.swift */ = {isa = PBXFileReference; lastKnownFileType = sourcecode.swift; path = SearchSellerCollectionViewCell.swift; sourceTree = "<group>"; };
		3B11468223CC9A1500D91C53 /* AllProduct.swift */ = {isa = PBXFileReference; lastKnownFileType = sourcecode.swift; path = AllProduct.swift; sourceTree = "<group>"; };
		3B11468A23CCAA8100D91C53 /* SearchProductViewController.swift */ = {isa = PBXFileReference; lastKnownFileType = sourcecode.swift; path = SearchProductViewController.swift; sourceTree = "<group>"; };
		3B11468C23CCAAAA00D91C53 /* SearchProductCollectionViewCell.swift */ = {isa = PBXFileReference; lastKnownFileType = sourcecode.swift; path = SearchProductCollectionViewCell.swift; sourceTree = "<group>"; };
		3B11468E23CCB0BA00D91C53 /* SearchProduct.swift */ = {isa = PBXFileReference; lastKnownFileType = sourcecode.swift; path = SearchProduct.swift; sourceTree = "<group>"; };
		3B1176A723C5D257002F297D /* AddAndDeleteFavoriteOffers.swift */ = {isa = PBXFileReference; lastKnownFileType = sourcecode.swift; path = AddAndDeleteFavoriteOffers.swift; sourceTree = "<group>"; };
		3B122EDD23867A1E0056E7BF /* OfferViewController.swift */ = {isa = PBXFileReference; lastKnownFileType = sourcecode.swift; path = OfferViewController.swift; sourceTree = "<group>"; };
		3B122EE5238681230056E7BF /* ForgetPasswordViewController.swift */ = {isa = PBXFileReference; lastKnownFileType = sourcecode.swift; path = ForgetPasswordViewController.swift; sourceTree = "<group>"; };
		3B122EE7238681710056E7BF /* RegisterViewController.swift */ = {isa = PBXFileReference; lastKnownFileType = sourcecode.swift; path = RegisterViewController.swift; sourceTree = "<group>"; };
		3B122EEB2386A8ED0056E7BF /* menuBtnTableViewCell.swift */ = {isa = PBXFileReference; lastKnownFileType = sourcecode.swift; path = menuBtnTableViewCell.swift; sourceTree = "<group>"; };
		3B122EF02386AE480056E7BF /* CategoryHomeCollectionViewCell.swift */ = {isa = PBXFileReference; lastKnownFileType = sourcecode.swift; path = CategoryHomeCollectionViewCell.swift; sourceTree = "<group>"; };
		3B122EF52386B7BF0056E7BF /* OffersCollectionViewCell.swift */ = {isa = PBXFileReference; lastKnownFileType = sourcecode.swift; path = OffersCollectionViewCell.swift; sourceTree = "<group>"; };
		3B122EFB2386D3070056E7BF /* MostAddedViewController.swift */ = {isa = PBXFileReference; lastKnownFileType = sourcecode.swift; path = MostAddedViewController.swift; sourceTree = "<group>"; };
		3B122EFD2386D32A0056E7BF /* MostAddedCollectionViewCell.swift */ = {isa = PBXFileReference; lastKnownFileType = sourcecode.swift; path = MostAddedCollectionViewCell.swift; sourceTree = "<group>"; };
		3B122F022386D3860056E7BF /* MyWishListCollectionViewCell.swift */ = {isa = PBXFileReference; lastKnownFileType = sourcecode.swift; path = MyWishListCollectionViewCell.swift; sourceTree = "<group>"; };
		3B122F042386D3A00056E7BF /* MyWishListViewController.swift */ = {isa = PBXFileReference; lastKnownFileType = sourcecode.swift; path = MyWishListViewController.swift; sourceTree = "<group>"; };
		3B122F092386D3ED0056E7BF /* GoMallViewController.swift */ = {isa = PBXFileReference; lastKnownFileType = sourcecode.swift; path = GoMallViewController.swift; sourceTree = "<group>"; };
		3B122F0B2386D4040056E7BF /* GoMallCollectionViewCell.swift */ = {isa = PBXFileReference; lastKnownFileType = sourcecode.swift; path = GoMallCollectionViewCell.swift; sourceTree = "<group>"; };
		3B122F0E2386E6300056E7BF /* CatagogryViewController.swift */ = {isa = PBXFileReference; lastKnownFileType = sourcecode.swift; path = CatagogryViewController.swift; sourceTree = "<group>"; };
		3B122F122386E67D0056E7BF /* CatagoryCollectionViewCell.swift */ = {isa = PBXFileReference; lastKnownFileType = sourcecode.swift; path = CatagoryCollectionViewCell.swift; sourceTree = "<group>"; };
		3B1274B923C38B08007E3FA4 /* Categories.swift */ = {isa = PBXFileReference; lastKnownFileType = sourcecode.swift; path = Categories.swift; sourceTree = "<group>"; };
		3B14AE1723C72F8D0058FE51 /* MyWishList.swift */ = {isa = PBXFileReference; lastKnownFileType = sourcecode.swift; path = MyWishList.swift; sourceTree = "<group>"; };
		3B15F2DA23BCA0BE003FD1C1 /* ProductsViewController.swift */ = {isa = PBXFileReference; lastKnownFileType = sourcecode.swift; path = ProductsViewController.swift; sourceTree = "<group>"; };
		3B15F2DC23BCA112003FD1C1 /* ProductsCollectionViewCell.swift */ = {isa = PBXFileReference; lastKnownFileType = sourcecode.swift; path = ProductsCollectionViewCell.swift; sourceTree = "<group>"; };
		3B15F2E123BCBEC9003FD1C1 /* DetailsViewController.swift */ = {isa = PBXFileReference; lastKnownFileType = sourcecode.swift; path = DetailsViewController.swift; sourceTree = "<group>"; };
		3B15F2E323BCCDE1003FD1C1 /* DetailsTableViewCell.swift */ = {isa = PBXFileReference; lastKnownFileType = sourcecode.swift; path = DetailsTableViewCell.swift; sourceTree = "<group>"; };
		3B16CDF523B8B5CC00FCFBEF /* ConstantMenu.swift */ = {isa = PBXFileReference; fileEncoding = 4; lastKnownFileType = sourcecode.swift; path = ConstantMenu.swift; sourceTree = "<group>"; };
		3B16CDF723B8C32100FCFBEF /* MainNavigationController.swift */ = {isa = PBXFileReference; fileEncoding = 4; lastKnownFileType = sourcecode.swift; path = MainNavigationController.swift; sourceTree = "<group>"; };
		3B17460623C8841500899ADE /* CategoryOfMall.swift */ = {isa = PBXFileReference; lastKnownFileType = sourcecode.swift; path = CategoryOfMall.swift; sourceTree = "<group>"; };
		3B17460923C8950B00899ADE /* StoreSeller.swift */ = {isa = PBXFileReference; lastKnownFileType = sourcecode.swift; path = StoreSeller.swift; sourceTree = "<group>"; };
		3B17461123C8A4CD00899ADE /* ProductStoreOfCategory.swift */ = {isa = PBXFileReference; lastKnownFileType = sourcecode.swift; path = ProductStoreOfCategory.swift; sourceTree = "<group>"; };
		3B17461423C8C7EA00899ADE /* ProductDetails.swift */ = {isa = PBXFileReference; lastKnownFileType = sourcecode.swift; path = ProductDetails.swift; sourceTree = "<group>"; };
		3B17461723C911F000899ADE /* SellerDetails.swift */ = {isa = PBXFileReference; lastKnownFileType = sourcecode.swift; path = SellerDetails.swift; sourceTree = "<group>"; };
		3B17639423BDF1D900871CE9 /* CardViewController.swift */ = {isa = PBXFileReference; lastKnownFileType = sourcecode.swift; path = CardViewController.swift; sourceTree = "<group>"; };
		3B17639623BDF1F000871CE9 /* CardCollectionViewCell.swift */ = {isa = PBXFileReference; lastKnownFileType = sourcecode.swift; path = CardCollectionViewCell.swift; sourceTree = "<group>"; };
		3B17639823BDFDA500871CE9 /* Navigation.xcassets */ = {isa = PBXFileReference; lastKnownFileType = folder.assetcatalog; path = Navigation.xcassets; sourceTree = "<group>"; };
		3B18F77123C21539003A4060 /* Login.swift */ = {isa = PBXFileReference; lastKnownFileType = sourcecode.swift; path = Login.swift; sourceTree = "<group>"; };
		3B18F77323C215DF003A4060 /* Failure.swift */ = {isa = PBXFileReference; lastKnownFileType = sourcecode.swift; path = Failure.swift; sourceTree = "<group>"; };
		3B18F77523C21731003A4060 /* UserDefault.swift */ = {isa = PBXFileReference; fileEncoding = 4; lastKnownFileType = sourcecode.swift; path = UserDefault.swift; sourceTree = "<group>"; };
		3B18F77823C224F0003A4060 /* Register.swift */ = {isa = PBXFileReference; lastKnownFileType = sourcecode.swift; path = Register.swift; sourceTree = "<group>"; };
		3B196D0F23C0BE2C001F2628 /* Tab.xcassets */ = {isa = PBXFileReference; lastKnownFileType = folder.assetcatalog; path = Tab.xcassets; sourceTree = "<group>"; };
		3B741BA523C6409500C2E764 /* MostAdded.swift */ = {isa = PBXFileReference; lastKnownFileType = sourcecode.swift; path = MostAdded.swift; sourceTree = "<group>"; };
		3BCE47E323C115C9007D1550 /* MenuCollectionViewCell.swift */ = {isa = PBXFileReference; fileEncoding = 4; lastKnownFileType = sourcecode.swift; path = MenuCollectionViewCell.swift; sourceTree = "<group>"; };
		3BD4224D23BE213000FF7437 /* SellerViewController.swift */ = {isa = PBXFileReference; lastKnownFileType = sourcecode.swift; path = SellerViewController.swift; sourceTree = "<group>"; };
		3BD4224F23BE221D00FF7437 /* OtherProductCollectionViewCell.swift */ = {isa = PBXFileReference; lastKnownFileType = sourcecode.swift; path = OtherProductCollectionViewCell.swift; sourceTree = "<group>"; };
		3BD4225423BE369A00FF7437 /* SearchViewController.swift */ = {isa = PBXFileReference; lastKnownFileType = sourcecode.swift; path = SearchViewController.swift; sourceTree = "<group>"; };
		3BD4225623BE437B00FF7437 /* CustemDesign.swift */ = {isa = PBXFileReference; fileEncoding = 4; lastKnownFileType = sourcecode.swift; path = CustemDesign.swift; sourceTree = "<group>"; };
		3BD607A1238ADA5F00AB41DB /* StoresOfMallViewController.swift */ = {isa = PBXFileReference; lastKnownFileType = sourcecode.swift; path = StoresOfMallViewController.swift; sourceTree = "<group>"; };
		3BD607A3238ADAC100AB41DB /* StoresOfMallCollectionViewCell.swift */ = {isa = PBXFileReference; lastKnownFileType = sourcecode.swift; path = StoresOfMallCollectionViewCell.swift; sourceTree = "<group>"; };
		3BE5BF2823BA622E006E4AB9 /* CollectionCell.swift */ = {isa = PBXFileReference; lastKnownFileType = sourcecode.swift; path = CollectionCell.swift; sourceTree = "<group>"; };
		810155F623854B8B00E0B7CC /* LoginViewController.swift */ = {isa = PBXFileReference; lastKnownFileType = sourcecode.swift; path = LoginViewController.swift; sourceTree = "<group>"; };
		8139D4A2238A905E001CE986 /* TabBar.swift */ = {isa = PBXFileReference; lastKnownFileType = sourcecode.swift; path = TabBar.swift; sourceTree = "<group>"; };
		8139D4A4238AB82A001CE986 /* Shared.swift */ = {isa = PBXFileReference; lastKnownFileType = sourcecode.swift; path = Shared.swift; sourceTree = "<group>"; };
		8192DCDB238A77C00043053A /* Constants.swift */ = {isa = PBXFileReference; fileEncoding = 4; lastKnownFileType = sourcecode.swift; path = Constants.swift; sourceTree = "<group>"; };
		8192DCDC238A77C00043053A /* APIClient.swift */ = {isa = PBXFileReference; fileEncoding = 4; lastKnownFileType = sourcecode.swift; path = APIClient.swift; sourceTree = "<group>"; };
		8192DCDD238A77C00043053A /* APIRouter.swift */ = {isa = PBXFileReference; fileEncoding = 4; lastKnownFileType = sourcecode.swift; path = APIRouter.swift; sourceTree = "<group>"; };
		BCC89F68BD9678F27459564E /* Pods-GoAhead.debug.xcconfig */ = {isa = PBXFileReference; includeInIndex = 1; lastKnownFileType = text.xcconfig; name = "Pods-GoAhead.debug.xcconfig"; path = "Pods/Target Support Files/Pods-GoAhead/Pods-GoAhead.debug.xcconfig"; sourceTree = "<group>"; };
		D2AA2B32F6F11C44F110F0C4 /* Pods_GoAhead.framework */ = {isa = PBXFileReference; explicitFileType = wrapper.framework; includeInIndex = 0; path = Pods_GoAhead.framework; sourceTree = BUILT_PRODUCTS_DIR; };
		F9BC19824E08412DA1DA40A9 /* Pods-GoAhead.release.xcconfig */ = {isa = PBXFileReference; includeInIndex = 1; lastKnownFileType = text.xcconfig; name = "Pods-GoAhead.release.xcconfig"; path = "Pods/Target Support Files/Pods-GoAhead/Pods-GoAhead.release.xcconfig"; sourceTree = "<group>"; };
/* End PBXFileReference section */

/* Begin PBXFrameworksBuildPhase section */
		262E5B1621AFE578009363E7 /* Frameworks */ = {
			isa = PBXFrameworksBuildPhase;
			buildActionMask = 2147483647;
			files = (
				0DB8376E7155CBE93FDE7237 /* Pods_GoAhead.framework in Frameworks */,
			);
			runOnlyForDeploymentPostprocessing = 0;
		};
		267AFB392250FA6E00F17350 /* Frameworks */ = {
			isa = PBXFrameworksBuildPhase;
			buildActionMask = 2147483647;
			files = (
			);
			runOnlyForDeploymentPostprocessing = 0;
		};
/* End PBXFrameworksBuildPhase section */

/* Begin PBXGroup section */
		262E5B1021AFE578009363E7 = {
			isa = PBXGroup;
			children = (
				262E5B1B21AFE578009363E7 /* GoAhead */,
				F6C5AC9ED59CACEAB0EE1471 /* Pods */,
				33408C0CE60143AE84AA40CC /* Frameworks */,
				3B0E80802385F3A700ACB085 /* GoAhead.app */,
				3B0E80812385F3A700ACB085 /* GoAheadTests.xctest */,
			);
			sourceTree = "<group>";
		};
		262E5B1B21AFE578009363E7 /* GoAhead */ = {
			isa = PBXGroup;
			children = (
				3B196D0C23C0BC5C001F2628 /* Core */,
				3B196D0E23C0BCC2001F2628 /* Configuration */,
				8192DCDA238A77C00043053A /* Networking */,
				3B0F72982385958100BBEA8C /* Utitlites */,
				3B122EE92386866C0056E7BF /* Senarios */,
				3B196D0D23C0BC81001F2628 /* StoryBoard */,
				3B196D0B23C0BC1C001F2628 /* Resources */,
				8139D4A4238AB82A001CE986 /* Shared.swift */,
				3B18F77523C21731003A4060 /* UserDefault.swift */,
				8139D4A2238A905E001CE986 /* TabBar.swift */,
				3B18F77323C215DF003A4060 /* Failure.swift */,
				3B0C98FA23C50136008C1C66 /* NewTab.swift */,
			);
			path = GoAhead;
			sourceTree = "<group>";
		};
		33408C0CE60143AE84AA40CC /* Frameworks */ = {
			isa = PBXGroup;
			children = (
				D2AA2B32F6F11C44F110F0C4 /* Pods_GoAhead.framework */,
			);
			name = Frameworks;
			sourceTree = "<group>";
		};
		3B0C98CA23C4AE0C008C1C66 /* Model */ = {
			isa = PBXGroup;
			children = (
				3B0C98CB23C4AE1B008C1C66 /* OffersOfCategory.swift */,
				3B1176A723C5D257002F297D /* AddAndDeleteFavoriteOffers.swift */,
			);
			path = Model;
			sourceTree = "<group>";
		};
		3B0C98FC23C5281C008C1C66 /* Model */ = {
			isa = PBXGroup;
			children = (
				3B0C98FD23C5287B008C1C66 /* Offers.swift */,
			);
			path = Model;
			sourceTree = "<group>";
		};
		3B0E80822385FA6A00ACB085 /* Menu */ = {
			isa = PBXGroup;
			children = (
				3B122EEA2386A8B10056E7BF /* View */,
				3B122EED2386A9FA0056E7BF /* Controller */,
			);
			path = Menu;
			sourceTree = "<group>";
		};
		3B0E80852385FF1A00ACB085 /* Home */ = {
			isa = PBXGroup;
			children = (
				3B1274B823C38AFA007E3FA4 /* Model */,
				3B122EEE2386ADF40056E7BF /* View */,
				3B122EEF2386AE050056E7BF /* Controller */,
				3BCE47E023C11313007D1550 /* Catagory */,
			);
			path = Home;
			sourceTree = "<group>";
		};
		3B0EE89923BAAB8500D67389 /* TapViews */ = {
			isa = PBXGroup;
			children = (
				3B122F062386D3BC0056E7BF /* GoMall */,
				3B122EFF2386D3460056E7BF /* MyWishList */,
				3B122EF72386D2B00056E7BF /* MostAdded */,
				3B122EF22386B6D80056E7BF /* Offers */,
				3B0E80852385FF1A00ACB085 /* Home */,
			);
			path = TapViews;
			sourceTree = "<group>";
		};
		3B0F167D23CB1DDE000F803D /* Search Category */ = {
			isa = PBXGroup;
			children = (
				3B0F168223CB1E73000F803D /* Model */,
				3B0F168123CB1E6B000F803D /* View */,
				3B0F168023CB1E5E000F803D /* Controller */,
			);
			path = "Search Category";
			sourceTree = "<group>";
		};
		3B0F167E23CB1DE1000F803D /* Search Sellers */ = {
			isa = PBXGroup;
			children = (
				3B0F168B23CB6552000F803D /* Model */,
				3B0F168A23CB654F000F803D /* View */,
				3B11467D23CC6CFD00D91C53 /* Controller */,
			);
			path = "Search Sellers";
			sourceTree = "<group>";
		};
		3B0F167F23CB1DE5000F803D /* Search Product */ = {
			isa = PBXGroup;
			children = (
				3B11468923CCAA5B00D91C53 /* Model */,
				3B11468823CCAA5400D91C53 /* View */,
				3B11468723CCAA4C00D91C53 /* Controller */,
			);
			path = "Search Product";
			sourceTree = "<group>";
		};
		3B0F168023CB1E5E000F803D /* Controller */ = {
			isa = PBXGroup;
			children = (
				3B0F168323CB1FD1000F803D /* SearchCategoryViewController.swift */,
			);
			path = Controller;
			sourceTree = "<group>";
		};
		3B0F168123CB1E6B000F803D /* View */ = {
			isa = PBXGroup;
			children = (
				3B0F168523CB200A000F803D /* SearchCategoryCollectionViewCell.swift */,
			);
			path = View;
			sourceTree = "<group>";
		};
		3B0F168223CB1E73000F803D /* Model */ = {
			isa = PBXGroup;
			children = (
				3B0F168723CB24EE000F803D /* SearchCategories.swift */,
			);
			path = Model;
			sourceTree = "<group>";
		};
		3B0F168A23CB654F000F803D /* View */ = {
			isa = PBXGroup;
			children = (
				3B11468023CC6F6E00D91C53 /* SearchSellerCollectionViewCell.swift */,
			);
			path = View;
			sourceTree = "<group>";
		};
		3B0F168B23CB6552000F803D /* Model */ = {
			isa = PBXGroup;
			children = (
				3B0F168C23CB6561000F803D /* SearchSellers.swift */,
			);
			path = Model;
			sourceTree = "<group>";
		};
		3B0F72982385958100BBEA8C /* Utitlites */ = {
			isa = PBXGroup;
			children = (
				3B0F72992385958100BBEA8C /* Alert.swift */,
				3B0F729A2385958100BBEA8C /* CardView.swift */,
				3B0F729B2385958100BBEA8C /* DesignableUITextField.swift */,
				3B0F729C2385958100BBEA8C /* Maps.swift */,
				3BD4225623BE437B00FF7437 /* CustemDesign.swift */,
				3BE5BF2823BA622E006E4AB9 /* CollectionCell.swift */,
			);
			path = Utitlites;
			sourceTree = "<group>";
		};
		3B11467D23CC6CFD00D91C53 /* Controller */ = {
			isa = PBXGroup;
			children = (
				3B11467E23CC6F5000D91C53 /* SearchSellerViewController.swift */,
			);
			path = Controller;
			sourceTree = "<group>";
		};
		3B11468723CCAA4C00D91C53 /* Controller */ = {
			isa = PBXGroup;
			children = (
				3B11468A23CCAA8100D91C53 /* SearchProductViewController.swift */,
			);
			path = Controller;
			sourceTree = "<group>";
		};
		3B11468823CCAA5400D91C53 /* View */ = {
			isa = PBXGroup;
			children = (
				3B11468C23CCAAAA00D91C53 /* SearchProductCollectionViewCell.swift */,
			);
			path = View;
			sourceTree = "<group>";
		};
		3B11468923CCAA5B00D91C53 /* Model */ = {
			isa = PBXGroup;
			children = (
				3B11468E23CCB0BA00D91C53 /* SearchProduct.swift */,
			);
			path = Model;
			sourceTree = "<group>";
		};
		3B122EDF238680AD0056E7BF /* Login */ = {
			isa = PBXGroup;
			children = (
				3B18F77023C21524003A4060 /* Model */,
				3B122EE3238680E70056E7BF /* Controller */,
			);
			path = Login;
			sourceTree = "<group>";
		};
		3B122EE2238680D90056E7BF /* Register */ = {
			isa = PBXGroup;
			children = (
				3B18F77723C224C5003A4060 /* Model */,
				3B122EE4238680F90056E7BF /* Controller */,
			);
			path = Register;
			sourceTree = "<group>";
		};
		3B122EE3238680E70056E7BF /* Controller */ = {
			isa = PBXGroup;
			children = (
				810155F623854B8B00E0B7CC /* LoginViewController.swift */,
			);
			path = Controller;
			sourceTree = "<group>";
		};
		3B122EE4238680F90056E7BF /* Controller */ = {
			isa = PBXGroup;
			children = (
				3B122EE7238681710056E7BF /* RegisterViewController.swift */,
			);
			path = Controller;
			sourceTree = "<group>";
		};
		3B122EE92386866C0056E7BF /* Senarios */ = {
			isa = PBXGroup;
			children = (
				3B17639023BDF16F00871CE9 /* NavigationViews */,
				3B0EE89923BAAB8500D67389 /* TapViews */,
				3B122EDF238680AD0056E7BF /* Login */,
				3B122EE2238680D90056E7BF /* Register */,
				3BCE47DE23C1025E007D1550 /* ForgetPassword */,
			);
			path = Senarios;
			sourceTree = "<group>";
		};
		3B122EEA2386A8B10056E7BF /* View */ = {
			isa = PBXGroup;
			children = (
				3B122EEB2386A8ED0056E7BF /* menuBtnTableViewCell.swift */,
			);
			path = View;
			sourceTree = "<group>";
		};
		3B122EED2386A9FA0056E7BF /* Controller */ = {
			isa = PBXGroup;
			children = (
				3B16CDF523B8B5CC00FCFBEF /* ConstantMenu.swift */,
				3B0E80832385FAA900ACB085 /* SideMenuViewController.swift */,
			);
			path = Controller;
			sourceTree = "<group>";
		};
		3B122EEE2386ADF40056E7BF /* View */ = {
			isa = PBXGroup;
			children = (
				3B122EF02386AE480056E7BF /* CategoryHomeCollectionViewCell.swift */,
			);
			path = View;
			sourceTree = "<group>";
		};
		3B122EEF2386AE050056E7BF /* Controller */ = {
			isa = PBXGroup;
			children = (
				3B0E80862385FF8200ACB085 /* HomeViewController.swift */,
			);
			path = Controller;
			sourceTree = "<group>";
		};
		3B122EF22386B6D80056E7BF /* Offers */ = {
			isa = PBXGroup;
			children = (
				3B0C98FC23C5281C008C1C66 /* Model */,
				3B122EF32386B6E70056E7BF /* View */,
				3B122EF42386B6F10056E7BF /* Controller */,
			);
			path = Offers;
			sourceTree = "<group>";
		};
		3B122EF32386B6E70056E7BF /* View */ = {
			isa = PBXGroup;
			children = (
				3B122EF52386B7BF0056E7BF /* OffersCollectionViewCell.swift */,
			);
			path = View;
			sourceTree = "<group>";
		};
		3B122EF42386B6F10056E7BF /* Controller */ = {
			isa = PBXGroup;
			children = (
				3B122EDD23867A1E0056E7BF /* OfferViewController.swift */,
			);
			path = Controller;
			sourceTree = "<group>";
		};
		3B122EF72386D2B00056E7BF /* MostAdded */ = {
			isa = PBXGroup;
			children = (
				3B741BA423C6408600C2E764 /* Model */,
				3B122EF92386D2E00056E7BF /* View */,
				3B122EFA2386D2E70056E7BF /* Controller */,
			);
			path = MostAdded;
			sourceTree = "<group>";
		};
		3B122EF92386D2E00056E7BF /* View */ = {
			isa = PBXGroup;
			children = (
				3B122EFD2386D32A0056E7BF /* MostAddedCollectionViewCell.swift */,
			);
			path = View;
			sourceTree = "<group>";
		};
		3B122EFA2386D2E70056E7BF /* Controller */ = {
			isa = PBXGroup;
			children = (
				3B122EFB2386D3070056E7BF /* MostAddedViewController.swift */,
			);
			path = Controller;
			sourceTree = "<group>";
		};
		3B122EFF2386D3460056E7BF /* MyWishList */ = {
			isa = PBXGroup;
			children = (
				3B14AE1623C72E1F0058FE51 /* Model */,
				3B122F002386D35D0056E7BF /* View */,
				3B122F012386D3640056E7BF /* Controller */,
			);
			path = MyWishList;
			sourceTree = "<group>";
		};
		3B122F002386D35D0056E7BF /* View */ = {
			isa = PBXGroup;
			children = (
				3B122F022386D3860056E7BF /* MyWishListCollectionViewCell.swift */,
			);
			path = View;
			sourceTree = "<group>";
		};
		3B122F012386D3640056E7BF /* Controller */ = {
			isa = PBXGroup;
			children = (
				3B122F042386D3A00056E7BF /* MyWishListViewController.swift */,
			);
			path = Controller;
			sourceTree = "<group>";
		};
		3B122F062386D3BC0056E7BF /* GoMall */ = {
			isa = PBXGroup;
			children = (
				3B17460523C883E800899ADE /* Model */,
				3B122F072386D3CC0056E7BF /* View */,
				3B122F082386D3D20056E7BF /* Controller */,
				3B15F2D423BC9FB2003FD1C1 /* Store */,
			);
			path = GoMall;
			sourceTree = "<group>";
		};
		3B122F072386D3CC0056E7BF /* View */ = {
			isa = PBXGroup;
			children = (
				3B122F0B2386D4040056E7BF /* GoMallCollectionViewCell.swift */,
			);
			path = View;
			sourceTree = "<group>";
		};
		3B122F082386D3D20056E7BF /* Controller */ = {
			isa = PBXGroup;
			children = (
				3B122F092386D3ED0056E7BF /* GoMallViewController.swift */,
			);
			path = Controller;
			sourceTree = "<group>";
		};
		3B1274B823C38AFA007E3FA4 /* Model */ = {
			isa = PBXGroup;
			children = (
				3B1274B923C38B08007E3FA4 /* Categories.swift */,
			);
			path = Model;
			sourceTree = "<group>";
		};
		3B14AE1623C72E1F0058FE51 /* Model */ = {
			isa = PBXGroup;
			children = (
				3B14AE1723C72F8D0058FE51 /* MyWishList.swift */,
			);
			path = Model;
			sourceTree = "<group>";
		};
		3B15F2D423BC9FB2003FD1C1 /* Store */ = {
			isa = PBXGroup;
			children = (
				3B17460823C894E900899ADE /* Model */,
				3B15F2D523BC9FC3003FD1C1 /* View */,
				3B15F2D623BC9FCA003FD1C1 /* Controller */,
				3B15F2D723BCA054003FD1C1 /* Product */,
			);
			path = Store;
			sourceTree = "<group>";
		};
		3B15F2D523BC9FC3003FD1C1 /* View */ = {
			isa = PBXGroup;
			children = (
				3BD607A3238ADAC100AB41DB /* StoresOfMallCollectionViewCell.swift */,
			);
			path = View;
			sourceTree = "<group>";
		};
		3B15F2D623BC9FCA003FD1C1 /* Controller */ = {
			isa = PBXGroup;
			children = (
				3BD607A1238ADA5F00AB41DB /* StoresOfMallViewController.swift */,
			);
			path = Controller;
			sourceTree = "<group>";
		};
		3B15F2D723BCA054003FD1C1 /* Product */ = {
			isa = PBXGroup;
			children = (
				3B17461023C8A4BE00899ADE /* Model */,
				3B15F2D923BCA096003FD1C1 /* View */,
				3B15F2D823BCA086003FD1C1 /* Controller */,
				3B15F2DE23BCBE6E003FD1C1 /* Details */,
			);
			path = Product;
			sourceTree = "<group>";
		};
		3B15F2D823BCA086003FD1C1 /* Controller */ = {
			isa = PBXGroup;
			children = (
				3B15F2DA23BCA0BE003FD1C1 /* ProductsViewController.swift */,
			);
			path = Controller;
			sourceTree = "<group>";
		};
		3B15F2D923BCA096003FD1C1 /* View */ = {
			isa = PBXGroup;
			children = (
				3B15F2DC23BCA112003FD1C1 /* ProductsCollectionViewCell.swift */,
			);
			path = View;
			sourceTree = "<group>";
		};
		3B15F2DE23BCBE6E003FD1C1 /* Details */ = {
			isa = PBXGroup;
			children = (
				3B17461323C8C7D800899ADE /* Model */,
				3B15F2E023BCBEAD003FD1C1 /* View */,
				3B15F2DF23BCBEA4003FD1C1 /* Controller */,
			);
			path = Details;
			sourceTree = "<group>";
		};
		3B15F2DF23BCBEA4003FD1C1 /* Controller */ = {
			isa = PBXGroup;
			children = (
				3B15F2E123BCBEC9003FD1C1 /* DetailsViewController.swift */,
			);
			path = Controller;
			sourceTree = "<group>";
		};
		3B15F2E023BCBEAD003FD1C1 /* View */ = {
			isa = PBXGroup;
			children = (
				3B15F2E323BCCDE1003FD1C1 /* DetailsTableViewCell.swift */,
			);
			path = View;
			sourceTree = "<group>";
		};
		3B16CDF923B8C3BF00FCFBEF /* Main */ = {
			isa = PBXGroup;
			children = (
				3B16CDF723B8C32100FCFBEF /* MainNavigationController.swift */,
			);
			path = Main;
			sourceTree = "<group>";
		};
		3B17460523C883E800899ADE /* Model */ = {
			isa = PBXGroup;
			children = (
				3B17460623C8841500899ADE /* CategoryOfMall.swift */,
			);
			path = Model;
			sourceTree = "<group>";
		};
		3B17460823C894E900899ADE /* Model */ = {
			isa = PBXGroup;
			children = (
				3B17460923C8950B00899ADE /* StoreSeller.swift */,
			);
			path = Model;
			sourceTree = "<group>";
		};
		3B17461023C8A4BE00899ADE /* Model */ = {
			isa = PBXGroup;
			children = (
				3B17461123C8A4CD00899ADE /* ProductStoreOfCategory.swift */,
				3B11468223CC9A1500D91C53 /* AllProduct.swift */,
			);
			path = Model;
			sourceTree = "<group>";
		};
		3B17461323C8C7D800899ADE /* Model */ = {
			isa = PBXGroup;
			children = (
				3B17461423C8C7EA00899ADE /* ProductDetails.swift */,
			);
			path = Model;
			sourceTree = "<group>";
		};
		3B17461623C911DF00899ADE /* Model */ = {
			isa = PBXGroup;
			children = (
				3B17461723C911F000899ADE /* SellerDetails.swift */,
			);
			path = Model;
			sourceTree = "<group>";
		};
		3B17639023BDF16F00871CE9 /* NavigationViews */ = {
			isa = PBXGroup;
			children = (
				3BD4225123BE364D00FF7437 /* Search */,
				3B17639123BDF1A100871CE9 /* Card */,
				3B0E80822385FA6A00ACB085 /* Menu */,
				3B16CDF923B8C3BF00FCFBEF /* Main */,
			);
			path = NavigationViews;
			sourceTree = "<group>";
		};
		3B17639123BDF1A100871CE9 /* Card */ = {
			isa = PBXGroup;
			children = (
				3B17639323BDF1B500871CE9 /* View */,
				3B17639223BDF1AA00871CE9 /* Controller */,
				3BD4224A23BE20E300FF7437 /* Seller */,
			);
			path = Card;
			sourceTree = "<group>";
		};
		3B17639223BDF1AA00871CE9 /* Controller */ = {
			isa = PBXGroup;
			children = (
				3B17639423BDF1D900871CE9 /* CardViewController.swift */,
			);
			path = Controller;
			sourceTree = "<group>";
		};
		3B17639323BDF1B500871CE9 /* View */ = {
			isa = PBXGroup;
			children = (
				3B17639623BDF1F000871CE9 /* CardCollectionViewCell.swift */,
			);
			path = View;
			sourceTree = "<group>";
		};
		3B18F77023C21524003A4060 /* Model */ = {
			isa = PBXGroup;
			children = (
				3B18F77123C21539003A4060 /* Login.swift */,
			);
			path = Model;
			sourceTree = "<group>";
		};
		3B18F77723C224C5003A4060 /* Model */ = {
			isa = PBXGroup;
			children = (
				3B18F77823C224F0003A4060 /* Register.swift */,
			);
			path = Model;
			sourceTree = "<group>";
		};
		3B196D0B23C0BC1C001F2628 /* Resources */ = {
			isa = PBXGroup;
			children = (
				262E5B2621AFE57D009363E7 /* Assets.xcassets */,
				3B17639823BDFDA500871CE9 /* Navigation.xcassets */,
				3B196D0F23C0BE2C001F2628 /* Tab.xcassets */,
				3B0E590B23BD2D5F00A564D7 /* Color.xcassets */,
				3B0EE89A23BAABDC00D67389 /* Media.xcassets */,
			);
			path = Resources;
			sourceTree = "<group>";
		};
		3B196D0C23C0BC5C001F2628 /* Core */ = {
			isa = PBXGroup;
			children = (
				3B0F72962385759800BBEA8C /* AppDelegate.swift */,
			);
			path = Core;
			sourceTree = "<group>";
		};
		3B196D0D23C0BC81001F2628 /* StoryBoard */ = {
			isa = PBXGroup;
			children = (
				262E5B2021AFE578009363E7 /* Main.storyboard */,
				262E5B2821AFE57D009363E7 /* LaunchScreen.storyboard */,
			);
			path = StoryBoard;
			sourceTree = "<group>";
		};
		3B196D0E23C0BCC2001F2628 /* Configuration */ = {
			isa = PBXGroup;
			children = (
				262E5B2B21AFE57D009363E7 /* Info.plist */,
			);
			path = Configuration;
			sourceTree = "<group>";
		};
		3B741BA423C6408600C2E764 /* Model */ = {
			isa = PBXGroup;
			children = (
				3B741BA523C6409500C2E764 /* MostAdded.swift */,
			);
			path = Model;
			sourceTree = "<group>";
		};
		3BCE47DE23C1025E007D1550 /* ForgetPassword */ = {
			isa = PBXGroup;
			children = (
				3BCE47DF23C102CF007D1550 /* Controller */,
			);
			path = ForgetPassword;
			sourceTree = "<group>";
		};
		3BCE47DF23C102CF007D1550 /* Controller */ = {
			isa = PBXGroup;
			children = (
				3B122EE5238681230056E7BF /* ForgetPasswordViewController.swift */,
			);
			path = Controller;
			sourceTree = "<group>";
		};
		3BCE47E023C11313007D1550 /* Catagory */ = {
			isa = PBXGroup;
			children = (
				3B0C98CA23C4AE0C008C1C66 /* Model */,
				3BCE47E223C11352007D1550 /* View */,
				3BCE47E123C11349007D1550 /* Controller */,
			);
			path = Catagory;
			sourceTree = "<group>";
		};
		3BCE47E123C11349007D1550 /* Controller */ = {
			isa = PBXGroup;
			children = (
				3B122F0E2386E6300056E7BF /* CatagogryViewController.swift */,
			);
			path = Controller;
			sourceTree = "<group>";
		};
		3BCE47E223C11352007D1550 /* View */ = {
			isa = PBXGroup;
			children = (
				3BCE47E323C115C9007D1550 /* MenuCollectionViewCell.swift */,
				3B122F122386E67D0056E7BF /* CatagoryCollectionViewCell.swift */,
			);
			path = View;
			sourceTree = "<group>";
		};
		3BD4224A23BE20E300FF7437 /* Seller */ = {
			isa = PBXGroup;
			children = (
				3B17461623C911DF00899ADE /* Model */,
				3BD4224C23BE20F600FF7437 /* View */,
				3BD4224B23BE20ED00FF7437 /* Controller */,
			);
			path = Seller;
			sourceTree = "<group>";
		};
		3BD4224B23BE20ED00FF7437 /* Controller */ = {
			isa = PBXGroup;
			children = (
				3BD4224D23BE213000FF7437 /* SellerViewController.swift */,
			);
			path = Controller;
			sourceTree = "<group>";
		};
		3BD4224C23BE20F600FF7437 /* View */ = {
			isa = PBXGroup;
			children = (
				3BD4224F23BE221D00FF7437 /* OtherProductCollectionViewCell.swift */,
			);
			path = View;
			sourceTree = "<group>";
		};
		3BD4225123BE364D00FF7437 /* Search */ = {
			isa = PBXGroup;
			children = (
				3BD4225223BE365500FF7437 /* Controller */,
				3B0F167F23CB1DE5000F803D /* Search Product */,
				3B0F167E23CB1DE1000F803D /* Search Sellers */,
				3B0F167D23CB1DDE000F803D /* Search Category */,
			);
			path = Search;
			sourceTree = "<group>";
		};
		3BD4225223BE365500FF7437 /* Controller */ = {
			isa = PBXGroup;
			children = (
				3BD4225423BE369A00FF7437 /* SearchViewController.swift */,
			);
			path = Controller;
			sourceTree = "<group>";
		};
		8192DCDA238A77C00043053A /* Networking */ = {
			isa = PBXGroup;
			children = (
				8192DCDC238A77C00043053A /* APIClient.swift */,
				8192DCDD238A77C00043053A /* APIRouter.swift */,
				8192DCDB238A77C00043053A /* Constants.swift */,
			);
			path = Networking;
			sourceTree = "<group>";
		};
		F6C5AC9ED59CACEAB0EE1471 /* Pods */ = {
			isa = PBXGroup;
			children = (
				BCC89F68BD9678F27459564E /* Pods-GoAhead.debug.xcconfig */,
				F9BC19824E08412DA1DA40A9 /* Pods-GoAhead.release.xcconfig */,
			);
			name = Pods;
			sourceTree = "<group>";
		};
/* End PBXGroup section */

/* Begin PBXNativeTarget section */
		262E5B1821AFE578009363E7 /* GoAhead */ = {
			isa = PBXNativeTarget;
			buildConfigurationList = 262E5B2E21AFE57D009363E7 /* Build configuration list for PBXNativeTarget "GoAhead" */;
			buildPhases = (
				D391FB96208E318FB56EA47C /* [CP] Check Pods Manifest.lock */,
				262E5B1521AFE578009363E7 /* Sources */,
				262E5B1621AFE578009363E7 /* Frameworks */,
				262E5B1721AFE578009363E7 /* Resources */,
				F947FAEC4106DD78BF77155C /* [CP] Embed Pods Frameworks */,
			);
			buildRules = (
			);
			dependencies = (
			);
			name = GoAhead;
			productName = GoAhead;
			productReference = 3B0E80802385F3A700ACB085 /* GoAhead.app */;
			productType = "com.apple.product-type.application";
		};
		267AFB3B2250FA6E00F17350 /* GoAheadTests */ = {
			isa = PBXNativeTarget;
			buildConfigurationList = 267AFB452250FA6E00F17350 /* Build configuration list for PBXNativeTarget "GoAheadTests" */;
			buildPhases = (
				267AFB382250FA6E00F17350 /* Sources */,
				267AFB392250FA6E00F17350 /* Frameworks */,
				267AFB3A2250FA6E00F17350 /* Resources */,
			);
			buildRules = (
			);
			dependencies = (
				267AFB422250FA6E00F17350 /* PBXTargetDependency */,
			);
			name = GoAheadTests;
			productName = GoAheadTests;
			productReference = 3B0E80812385F3A700ACB085 /* GoAheadTests.xctest */;
			productType = "com.apple.product-type.bundle.unit-test";
		};
/* End PBXNativeTarget section */

/* Begin PBXProject section */
		262E5B1121AFE578009363E7 /* Project object */ = {
			isa = PBXProject;
			attributes = {
				LastSwiftUpdateCheck = 1010;
				LastUpgradeCheck = 1000;
				ORGANIZATIONNAME = Maged;
				TargetAttributes = {
					262E5B1821AFE578009363E7 = {
						CreatedOnToolsVersion = 10.0;
					};
					267AFB3B2250FA6E00F17350 = {
						CreatedOnToolsVersion = 10.1;
						TestTargetID = 262E5B1821AFE578009363E7;
					};
				};
			};
			buildConfigurationList = 262E5B1421AFE578009363E7 /* Build configuration list for PBXProject "GoAhead" */;
			compatibilityVersion = "Xcode 9.3";
			developmentRegion = en;
			hasScannedForEncodings = 0;
			knownRegions = (
				en,
				Base,
			);
			mainGroup = 262E5B1021AFE578009363E7;
			productRefGroup = 262E5B1021AFE578009363E7;
			projectDirPath = "";
			projectRoot = "";
			targets = (
				262E5B1821AFE578009363E7 /* GoAhead */,
				267AFB3B2250FA6E00F17350 /* GoAheadTests */,
			);
		};
/* End PBXProject section */

/* Begin PBXResourcesBuildPhase section */
		262E5B1721AFE578009363E7 /* Resources */ = {
			isa = PBXResourcesBuildPhase;
			buildActionMask = 2147483647;
			files = (
				3B196D1023C0BE2C001F2628 /* Tab.xcassets in Resources */,
				262E5B2A21AFE57D009363E7 /* LaunchScreen.storyboard in Resources */,
				3B17639923BDFDA500871CE9 /* Navigation.xcassets in Resources */,
				262E5B2721AFE57D009363E7 /* Assets.xcassets in Resources */,
				3B0E590C23BD2D5F00A564D7 /* Color.xcassets in Resources */,
				3B0EE89B23BAABDD00D67389 /* Media.xcassets in Resources */,
				262E5B2221AFE578009363E7 /* Main.storyboard in Resources */,
			);
			runOnlyForDeploymentPostprocessing = 0;
		};
		267AFB3A2250FA6E00F17350 /* Resources */ = {
			isa = PBXResourcesBuildPhase;
			buildActionMask = 2147483647;
			files = (
			);
			runOnlyForDeploymentPostprocessing = 0;
		};
/* End PBXResourcesBuildPhase section */

/* Begin PBXShellScriptBuildPhase section */
		D391FB96208E318FB56EA47C /* [CP] Check Pods Manifest.lock */ = {
			isa = PBXShellScriptBuildPhase;
			buildActionMask = 2147483647;
			files = (
			);
			inputFileListPaths = (
			);
			inputPaths = (
				"${PODS_PODFILE_DIR_PATH}/Podfile.lock",
				"${PODS_ROOT}/Manifest.lock",
			);
			name = "[CP] Check Pods Manifest.lock";
			outputFileListPaths = (
			);
			outputPaths = (
				"$(DERIVED_FILE_DIR)/Pods-GoAhead-checkManifestLockResult.txt",
			);
			runOnlyForDeploymentPostprocessing = 0;
			shellPath = /bin/sh;
			shellScript = "diff \"${PODS_PODFILE_DIR_PATH}/Podfile.lock\" \"${PODS_ROOT}/Manifest.lock\" > /dev/null\nif [ $? != 0 ] ; then\n    # print error to STDERR\n    echo \"error: The sandbox is not in sync with the Podfile.lock. Run 'pod install' or update your CocoaPods installation.\" >&2\n    exit 1\nfi\n# This output is used by Xcode 'outputs' to avoid re-running this script phase.\necho \"SUCCESS\" > \"${SCRIPT_OUTPUT_FILE_0}\"\n";
			showEnvVarsInLog = 0;
		};
		F947FAEC4106DD78BF77155C /* [CP] Embed Pods Frameworks */ = {
			isa = PBXShellScriptBuildPhase;
			buildActionMask = 2147483647;
			files = (
			);
			inputFileListPaths = (
				"${PODS_ROOT}/Target Support Files/Pods-GoAhead/Pods-GoAhead-frameworks-${CONFIGURATION}-input-files.xcfilelist",
			);
			name = "[CP] Embed Pods Frameworks";
			outputFileListPaths = (
				"${PODS_ROOT}/Target Support Files/Pods-GoAhead/Pods-GoAhead-frameworks-${CONFIGURATION}-output-files.xcfilelist",
			);
			runOnlyForDeploymentPostprocessing = 0;
			shellPath = /bin/sh;
			shellScript = "\"${PODS_ROOT}/Target Support Files/Pods-GoAhead/Pods-GoAhead-frameworks.sh\"\n";
			showEnvVarsInLog = 0;
		};
/* End PBXShellScriptBuildPhase section */

/* Begin PBXSourcesBuildPhase section */
		262E5B1521AFE578009363E7 /* Sources */ = {
			isa = PBXSourcesBuildPhase;
			buildActionMask = 2147483647;
			files = (
				3B0F168423CB1FD1000F803D /* SearchCategoryViewController.swift in Sources */,
				3B741BA623C6409500C2E764 /* MostAdded.swift in Sources */,
				3B122EE6238681230056E7BF /* ForgetPasswordViewController.swift in Sources */,
				3B15F2E223BCBEC9003FD1C1 /* DetailsViewController.swift in Sources */,
				3B0E80872385FF8200ACB085 /* HomeViewController.swift in Sources */,
				3BCE47E423C115C9007D1550 /* MenuCollectionViewCell.swift in Sources */,
				3B0C98CC23C4AE1B008C1C66 /* OffersOfCategory.swift in Sources */,
				3BD4224E23BE213000FF7437 /* SellerViewController.swift in Sources */,
				3B122EDE23867A1E0056E7BF /* OfferViewController.swift in Sources */,
				3B0F168623CB200A000F803D /* SearchCategoryCollectionViewCell.swift in Sources */,
				3B17460A23C8950B00899ADE /* StoreSeller.swift in Sources */,
				3B11468323CC9A1500D91C53 /* AllProduct.swift in Sources */,
				3B15F2DB23BCA0BE003FD1C1 /* ProductsViewController.swift in Sources */,
				8192DCDF238A77C00043053A /* APIClient.swift in Sources */,
				3B0C98FE23C5287B008C1C66 /* Offers.swift in Sources */,
				3B15F2E423BCCDE1003FD1C1 /* DetailsTableViewCell.swift in Sources */,
				3BD4225523BE369A00FF7437 /* SearchViewController.swift in Sources */,
				3B0C98FB23C50136008C1C66 /* NewTab.swift in Sources */,
				3B18F77423C215DF003A4060 /* Failure.swift in Sources */,
				3B122F0A2386D3ED0056E7BF /* GoMallViewController.swift in Sources */,
				3B122EE8238681710056E7BF /* RegisterViewController.swift in Sources */,
				3B122F032386D3860056E7BF /* MyWishListCollectionViewCell.swift in Sources */,
				3B0E80842385FAA900ACB085 /* SideMenuViewController.swift in Sources */,
				3B17639523BDF1D900871CE9 /* CardViewController.swift in Sources */,
				3B11468B23CCAA8100D91C53 /* SearchProductViewController.swift in Sources */,
				3B122EF62386B7BF0056E7BF /* OffersCollectionViewCell.swift in Sources */,
				3B1274BA23C38B08007E3FA4 /* Categories.swift in Sources */,
				3B0F168D23CB6561000F803D /* SearchSellers.swift in Sources */,
				3B11468F23CCB0BA00D91C53 /* SearchProduct.swift in Sources */,
				3B122F052386D3A00056E7BF /* MyWishListViewController.swift in Sources */,
				3B0F72A02385958100BBEA8C /* DesignableUITextField.swift in Sources */,
				3B17460723C8841500899ADE /* CategoryOfMall.swift in Sources */,
				8139D4A3238A905E001CE986 /* TabBar.swift in Sources */,
				3B122EF12386AE480056E7BF /* CategoryHomeCollectionViewCell.swift in Sources */,
				3B14AE1823C72F8D0058FE51 /* MyWishList.swift in Sources */,
				3B122EFE2386D32A0056E7BF /* MostAddedCollectionViewCell.swift in Sources */,
				3B122F0C2386D4040056E7BF /* GoMallCollectionViewCell.swift in Sources */,
				3B0F729E2385958100BBEA8C /* Alert.swift in Sources */,
				3B17461223C8A4CD00899ADE /* ProductStoreOfCategory.swift in Sources */,
				3B0F72A12385958100BBEA8C /* Maps.swift in Sources */,
				3B0F72972385759800BBEA8C /* AppDelegate.swift in Sources */,
				3B18F77623C21731003A4060 /* UserDefault.swift in Sources */,
				3BE5BF2923BA622E006E4AB9 /* CollectionCell.swift in Sources */,
				3B122EEC2386A8ED0056E7BF /* menuBtnTableViewCell.swift in Sources */,
				3B17461523C8C7EA00899ADE /* ProductDetails.swift in Sources */,
				3B0F729F2385958100BBEA8C /* CardView.swift in Sources */,
				3BD4225023BE221D00FF7437 /* OtherProductCollectionViewCell.swift in Sources */,
				8139D4A5238AB82A001CE986 /* Shared.swift in Sources */,
				3B122F0F2386E6300056E7BF /* CatagogryViewController.swift in Sources */,
				3B11467F23CC6F5000D91C53 /* SearchSellerViewController.swift in Sources */,
				3B18F77223C21539003A4060 /* Login.swift in Sources */,
				3B11468D23CCAAAA00D91C53 /* SearchProductCollectionViewCell.swift in Sources */,
				8192DCE0238A77C00043053A /* APIRouter.swift in Sources */,
				3B18F77923C224F0003A4060 /* Register.swift in Sources */,
				3B1176A823C5D257002F297D /* AddAndDeleteFavoriteOffers.swift in Sources */,
				3B122F132386E67D0056E7BF /* CatagoryCollectionViewCell.swift in Sources */,
				3B122EFC2386D3070056E7BF /* MostAddedViewController.swift in Sources */,
				3B11468123CC6F6E00D91C53 /* SearchSellerCollectionViewCell.swift in Sources */,
				3B0F168823CB24EE000F803D /* SearchCategories.swift in Sources */,
				3B17639723BDF1F000871CE9 /* CardCollectionViewCell.swift in Sources */,
				3BD4225723BE437B00FF7437 /* CustemDesign.swift in Sources */,
				3BD607A4238ADAC100AB41DB /* StoresOfMallCollectionViewCell.swift in Sources */,
				3B16CDF823B8C32100FCFBEF /* MainNavigationController.swift in Sources */,
				3B16CDF623B8B5CC00FCFBEF /* ConstantMenu.swift in Sources */,
				3B15F2DD23BCA112003FD1C1 /* ProductsCollectionViewCell.swift in Sources */,
				3BD607A2238ADA5F00AB41DB /* StoresOfMallViewController.swift in Sources */,
				810155F723854B8B00E0B7CC /* LoginViewController.swift in Sources */,
				3B17461823C911F000899ADE /* SellerDetails.swift in Sources */,
				8192DCDE238A77C00043053A /* Constants.swift in Sources */,
			);
			runOnlyForDeploymentPostprocessing = 0;
		};
		267AFB382250FA6E00F17350 /* Sources */ = {
			isa = PBXSourcesBuildPhase;
			buildActionMask = 2147483647;
			files = (
			);
			runOnlyForDeploymentPostprocessing = 0;
		};
/* End PBXSourcesBuildPhase section */

/* Begin PBXTargetDependency section */
		267AFB422250FA6E00F17350 /* PBXTargetDependency */ = {
			isa = PBXTargetDependency;
			target = 262E5B1821AFE578009363E7 /* GoAhead */;
			targetProxy = 267AFB412250FA6E00F17350 /* PBXContainerItemProxy */;
		};
/* End PBXTargetDependency section */

/* Begin PBXVariantGroup section */
		262E5B2021AFE578009363E7 /* Main.storyboard */ = {
			isa = PBXVariantGroup;
			children = (
				262E5B2121AFE578009363E7 /* Base */,
			);
			name = Main.storyboard;
			sourceTree = "<group>";
		};
		262E5B2821AFE57D009363E7 /* LaunchScreen.storyboard */ = {
			isa = PBXVariantGroup;
			children = (
				262E5B2921AFE57D009363E7 /* Base */,
			);
			name = LaunchScreen.storyboard;
			sourceTree = "<group>";
		};
/* End PBXVariantGroup section */

/* Begin XCBuildConfiguration section */
		262E5B2C21AFE57D009363E7 /* Debug */ = {
			isa = XCBuildConfiguration;
			buildSettings = {
				ALWAYS_SEARCH_USER_PATHS = NO;
				CLANG_ANALYZER_LOCALIZABILITY_NONLOCALIZED = YES;
				CLANG_ANALYZER_NONNULL = YES;
				CLANG_ANALYZER_NUMBER_OBJECT_CONVERSION = YES_AGGRESSIVE;
				CLANG_CXX_LANGUAGE_STANDARD = "gnu++14";
				CLANG_CXX_LIBRARY = "libc++";
				CLANG_ENABLE_MODULES = YES;
				CLANG_ENABLE_OBJC_ARC = YES;
				CLANG_ENABLE_OBJC_WEAK = YES;
				CLANG_WARN_BLOCK_CAPTURE_AUTORELEASING = YES;
				CLANG_WARN_BOOL_CONVERSION = YES;
				CLANG_WARN_COMMA = YES;
				CLANG_WARN_CONSTANT_CONVERSION = YES;
				CLANG_WARN_DEPRECATED_OBJC_IMPLEMENTATIONS = YES;
				CLANG_WARN_DIRECT_OBJC_ISA_USAGE = YES_ERROR;
				CLANG_WARN_DOCUMENTATION_COMMENTS = YES;
				CLANG_WARN_EMPTY_BODY = YES;
				CLANG_WARN_ENUM_CONVERSION = YES;
				CLANG_WARN_INFINITE_RECURSION = YES;
				CLANG_WARN_INT_CONVERSION = YES;
				CLANG_WARN_NON_LITERAL_NULL_CONVERSION = YES;
				CLANG_WARN_OBJC_IMPLICIT_RETAIN_SELF = YES;
				CLANG_WARN_OBJC_LITERAL_CONVERSION = YES;
				CLANG_WARN_OBJC_ROOT_CLASS = YES_ERROR;
				CLANG_WARN_RANGE_LOOP_ANALYSIS = YES;
				CLANG_WARN_STRICT_PROTOTYPES = YES;
				CLANG_WARN_SUSPICIOUS_MOVE = YES;
				CLANG_WARN_UNGUARDED_AVAILABILITY = YES_AGGRESSIVE;
				CLANG_WARN_UNREACHABLE_CODE = YES;
				CLANG_WARN__DUPLICATE_METHOD_MATCH = YES;
				CODE_SIGN_IDENTITY = "iPhone Developer";
				COPY_PHASE_STRIP = NO;
				DEBUG_INFORMATION_FORMAT = dwarf;
				ENABLE_STRICT_OBJC_MSGSEND = YES;
				ENABLE_TESTABILITY = YES;
				GCC_C_LANGUAGE_STANDARD = gnu11;
				GCC_DYNAMIC_NO_PIC = NO;
				GCC_NO_COMMON_BLOCKS = YES;
				GCC_OPTIMIZATION_LEVEL = 0;
				GCC_PREPROCESSOR_DEFINITIONS = (
					"DEBUG=1",
					"$(inherited)",
				);
				GCC_WARN_64_TO_32_BIT_CONVERSION = YES;
				GCC_WARN_ABOUT_RETURN_TYPE = YES_ERROR;
				GCC_WARN_UNDECLARED_SELECTOR = YES;
				GCC_WARN_UNINITIALIZED_AUTOS = YES_AGGRESSIVE;
				GCC_WARN_UNUSED_FUNCTION = YES;
				GCC_WARN_UNUSED_VARIABLE = YES;
				IPHONEOS_DEPLOYMENT_TARGET = 12.4;
				MTL_ENABLE_DEBUG_INFO = INCLUDE_SOURCE;
				MTL_FAST_MATH = YES;
				ONLY_ACTIVE_ARCH = YES;
				SDKROOT = iphoneos;
				SWIFT_ACTIVE_COMPILATION_CONDITIONS = DEBUG;
				SWIFT_OPTIMIZATION_LEVEL = "-Onone";
			};
			name = Debug;
		};
		262E5B2D21AFE57D009363E7 /* Release */ = {
			isa = XCBuildConfiguration;
			buildSettings = {
				ALWAYS_SEARCH_USER_PATHS = NO;
				CLANG_ANALYZER_LOCALIZABILITY_NONLOCALIZED = YES;
				CLANG_ANALYZER_NONNULL = YES;
				CLANG_ANALYZER_NUMBER_OBJECT_CONVERSION = YES_AGGRESSIVE;
				CLANG_CXX_LANGUAGE_STANDARD = "gnu++14";
				CLANG_CXX_LIBRARY = "libc++";
				CLANG_ENABLE_MODULES = YES;
				CLANG_ENABLE_OBJC_ARC = YES;
				CLANG_ENABLE_OBJC_WEAK = YES;
				CLANG_WARN_BLOCK_CAPTURE_AUTORELEASING = YES;
				CLANG_WARN_BOOL_CONVERSION = YES;
				CLANG_WARN_COMMA = YES;
				CLANG_WARN_CONSTANT_CONVERSION = YES;
				CLANG_WARN_DEPRECATED_OBJC_IMPLEMENTATIONS = YES;
				CLANG_WARN_DIRECT_OBJC_ISA_USAGE = YES_ERROR;
				CLANG_WARN_DOCUMENTATION_COMMENTS = YES;
				CLANG_WARN_EMPTY_BODY = YES;
				CLANG_WARN_ENUM_CONVERSION = YES;
				CLANG_WARN_INFINITE_RECURSION = YES;
				CLANG_WARN_INT_CONVERSION = YES;
				CLANG_WARN_NON_LITERAL_NULL_CONVERSION = YES;
				CLANG_WARN_OBJC_IMPLICIT_RETAIN_SELF = YES;
				CLANG_WARN_OBJC_LITERAL_CONVERSION = YES;
				CLANG_WARN_OBJC_ROOT_CLASS = YES_ERROR;
				CLANG_WARN_RANGE_LOOP_ANALYSIS = YES;
				CLANG_WARN_STRICT_PROTOTYPES = YES;
				CLANG_WARN_SUSPICIOUS_MOVE = YES;
				CLANG_WARN_UNGUARDED_AVAILABILITY = YES_AGGRESSIVE;
				CLANG_WARN_UNREACHABLE_CODE = YES;
				CLANG_WARN__DUPLICATE_METHOD_MATCH = YES;
				CODE_SIGN_IDENTITY = "iPhone Developer";
				COPY_PHASE_STRIP = NO;
				DEBUG_INFORMATION_FORMAT = "dwarf-with-dsym";
				ENABLE_NS_ASSERTIONS = NO;
				ENABLE_STRICT_OBJC_MSGSEND = YES;
				GCC_C_LANGUAGE_STANDARD = gnu11;
				GCC_NO_COMMON_BLOCKS = YES;
				GCC_WARN_64_TO_32_BIT_CONVERSION = YES;
				GCC_WARN_ABOUT_RETURN_TYPE = YES_ERROR;
				GCC_WARN_UNDECLARED_SELECTOR = YES;
				GCC_WARN_UNINITIALIZED_AUTOS = YES_AGGRESSIVE;
				GCC_WARN_UNUSED_FUNCTION = YES;
				GCC_WARN_UNUSED_VARIABLE = YES;
				IPHONEOS_DEPLOYMENT_TARGET = 12.4;
				MTL_ENABLE_DEBUG_INFO = NO;
				MTL_FAST_MATH = YES;
				SDKROOT = iphoneos;
				SWIFT_COMPILATION_MODE = wholemodule;
				SWIFT_OPTIMIZATION_LEVEL = "-O";
				VALIDATE_PRODUCT = YES;
			};
			name = Release;
		};
		262E5B2F21AFE57D009363E7 /* Debug */ = {
			isa = XCBuildConfiguration;
			baseConfigurationReference = BCC89F68BD9678F27459564E /* Pods-GoAhead.debug.xcconfig */;
			buildSettings = {
				ASSETCATALOG_COMPILER_APPICON_NAME = AppIcon;
				CODE_SIGN_IDENTITY = "iPhone Developer";
				CODE_SIGN_STYLE = Automatic;
				DEVELOPMENT_TEAM = KA6LDR462G;
				INFOPLIST_FILE = GoAhead/Configuration/Info.plist;
				IPHONEOS_DEPLOYMENT_TARGET = 12.1;
				LD_RUNPATH_SEARCH_PATHS = (
					"$(inherited)",
					"@executable_path/Frameworks",
				);
				PRODUCT_BUNDLE_IDENTIFIER = com.besolutions.GoAhead.com;
				PRODUCT_NAME = "$(TARGET_NAME)";
				PROVISIONING_PROFILE_SPECIFIER = "";
				SWIFT_VERSION = 4.2;
				TARGETED_DEVICE_FAMILY = 1;
			};
			name = Debug;
		};
		262E5B3021AFE57D009363E7 /* Release */ = {
			isa = XCBuildConfiguration;
			baseConfigurationReference = F9BC19824E08412DA1DA40A9 /* Pods-GoAhead.release.xcconfig */;
			buildSettings = {
				ASSETCATALOG_COMPILER_APPICON_NAME = AppIcon;
				CODE_SIGN_IDENTITY = "iPhone Developer";
				CODE_SIGN_STYLE = Automatic;
				DEVELOPMENT_TEAM = KA6LDR462G;
				INFOPLIST_FILE = GoAhead/Configuration/Info.plist;
				IPHONEOS_DEPLOYMENT_TARGET = 12.1;
				LD_RUNPATH_SEARCH_PATHS = (
					"$(inherited)",
					"@executable_path/Frameworks",
				);
				PRODUCT_BUNDLE_IDENTIFIER = com.besolutions.GoAhead.com;
				PRODUCT_NAME = "$(TARGET_NAME)";
				PROVISIONING_PROFILE_SPECIFIER = "";
				SWIFT_VERSION = 4.2;
				TARGETED_DEVICE_FAMILY = 1;
			};
			name = Release;
		};
		267AFB432250FA6E00F17350 /* Debug */ = {
			isa = XCBuildConfiguration;
			buildSettings = {
				BUNDLE_LOADER = "$(TEST_HOST)";
				CODE_SIGN_STYLE = Automatic;
				DEVELOPMENT_TEAM = S8GM8ACE4X;
				INFOPLIST_FILE = GoAheadTests/Info.plist;
				IPHONEOS_DEPLOYMENT_TARGET = 12.1;
				LD_RUNPATH_SEARCH_PATHS = (
					"$(inherited)",
					"@executable_path/Frameworks",
					"@loader_path/Frameworks",
				);
				PRODUCT_BUNDLE_IDENTIFIER = com.Be.Solutions.GoAheadTests;
				PRODUCT_NAME = "$(TARGET_NAME)";
				SWIFT_VERSION = 4.2;
				TARGETED_DEVICE_FAMILY = "1,2";
				TEST_HOST = "$(BUILT_PRODUCTS_DIR)/GoAhead.app/GoAhead";
			};
			name = Debug;
		};
		267AFB442250FA6E00F17350 /* Release */ = {
			isa = XCBuildConfiguration;
			buildSettings = {
				BUNDLE_LOADER = "$(TEST_HOST)";
				CODE_SIGN_STYLE = Automatic;
				DEVELOPMENT_TEAM = S8GM8ACE4X;
				INFOPLIST_FILE = GoAheadTests/Info.plist;
				IPHONEOS_DEPLOYMENT_TARGET = 12.1;
				LD_RUNPATH_SEARCH_PATHS = (
					"$(inherited)",
					"@executable_path/Frameworks",
					"@loader_path/Frameworks",
				);
				PRODUCT_BUNDLE_IDENTIFIER = com.Be.Solutions.GoAheadTests;
				PRODUCT_NAME = "$(TARGET_NAME)";
				SWIFT_VERSION = 4.2;
				TARGETED_DEVICE_FAMILY = "1,2";
				TEST_HOST = "$(BUILT_PRODUCTS_DIR)/GoAhead.app/GoAhead";
			};
			name = Release;
		};
/* End XCBuildConfiguration section */

/* Begin XCConfigurationList section */
		262E5B1421AFE578009363E7 /* Build configuration list for PBXProject "GoAhead" */ = {
			isa = XCConfigurationList;
			buildConfigurations = (
				262E5B2C21AFE57D009363E7 /* Debug */,
				262E5B2D21AFE57D009363E7 /* Release */,
			);
			defaultConfigurationIsVisible = 0;
			defaultConfigurationName = Release;
		};
		262E5B2E21AFE57D009363E7 /* Build configuration list for PBXNativeTarget "GoAhead" */ = {
			isa = XCConfigurationList;
			buildConfigurations = (
				262E5B2F21AFE57D009363E7 /* Debug */,
				262E5B3021AFE57D009363E7 /* Release */,
			);
			defaultConfigurationIsVisible = 0;
			defaultConfigurationName = Release;
		};
		267AFB452250FA6E00F17350 /* Build configuration list for PBXNativeTarget "GoAheadTests" */ = {
			isa = XCConfigurationList;
			buildConfigurations = (
				267AFB432250FA6E00F17350 /* Debug */,
				267AFB442250FA6E00F17350 /* Release */,
			);
			defaultConfigurationIsVisible = 0;
			defaultConfigurationName = Release;
		};
/* End XCConfigurationList section */
	};
	rootObject = 262E5B1121AFE578009363E7 /* Project object */;
}
